
Microsoft Visual Studio Solution File, Format Version 12.00
# Visual Studio Version 16
VisualStudioVersion = 16.0.810.21
MinimumVisualStudioVersion = 10.0.40219.1
Project("{FAE04EC0-301F-11D3-BF4B-00C04F79EFBC}") = "ExCurso1MetodosClasse", "ExCurso1MetodosClasse\ExCurso1MetodosClasse.csproj", "{276F3B8F-EAE6-4397-8880-530AAA2F5206}"
EndProject
Global
	GlobalSection(SolutionConfigurationPlatforms) = preSolution
		Debug|anycpu = Debug|anycpu
		Release|anycpu = Release|anycpu
	EndGlobalSection
	GlobalSection(ProjectConfigurationPlatforms) = postSolution
		{276F3B8F-EAE6-4397-8880-530AAA2F5206}.Debug|anycpu.ActiveCfg = Debug|anycpu
		{276F3B8F-EAE6-4397-8880-530AAA2F5206}.Debug|anycpu.Build.0 = Debug|anycpu
		{276F3B8F-EAE6-4397-8880-530AAA2F5206}.Release|anycpu.ActiveCfg = Release|anycpu
		{276F3B8F-EAE6-4397-8880-530AAA2F5206}.Release|anycpu.Build.0 = Release|anycpu
	EndGlobalSection
	GlobalSection(SolutionProperties) = preSolution
		HideSolutionNode = FALSE
	EndGlobalSection
	GlobalSection(ExtensibilityGlobals) = postSolution
		SolutionGuid = {21B8D088-A1F2-42E0-9C4D-8A6F8EA0EB39}
	EndGlobalSection
EndGlobal
