
Microsoft Visual Studio Solution File, Format Version 12.00
# Visual Studio Version 16
VisualStudioVersion = 16.0.810.21
MinimumVisualStudioVersion = 10.0.40219.1
Project("{FAE04EC0-301F-11D3-BF4B-00C04F79EFBC}") = "ExCurso3MetodosClasse", "ExCurso3MetodosClasse\ExCurso3MetodosClasse.csproj", "{CF6B279C-8FC0-4477-9FF5-FF44BCDF39C9}"
EndProject
Global
	GlobalSection(SolutionConfigurationPlatforms) = preSolution
		Debug|anycpu = Debug|anycpu
		Release|anycpu = Release|anycpu
	EndGlobalSection
	GlobalSection(ProjectConfigurationPlatforms) = postSolution
		{CF6B279C-8FC0-4477-9FF5-FF44BCDF39C9}.Debug|anycpu.ActiveCfg = Debug|anycpu
		{CF6B279C-8FC0-4477-9FF5-FF44BCDF39C9}.Debug|anycpu.Build.0 = Debug|anycpu
		{CF6B279C-8FC0-4477-9FF5-FF44BCDF39C9}.Release|anycpu.ActiveCfg = Release|anycpu
		{CF6B279C-8FC0-4477-9FF5-FF44BCDF39C9}.Release|anycpu.Build.0 = Release|anycpu
	EndGlobalSection
	GlobalSection(SolutionProperties) = preSolution
		HideSolutionNode = FALSE
	EndGlobalSection
	GlobalSection(ExtensibilityGlobals) = postSolution
		SolutionGuid = {D0DF822F-9708-4290-AC0E-8FBDD0A42FC8}
	EndGlobalSection
EndGlobal
