
Microsoft Visual Studio Solution File, Format Version 12.00
# Visual Studio Version 16
VisualStudioVersion = 16.0.810.21
MinimumVisualStudioVersion = 10.0.40219.1
Project("{FAE04EC0-301F-11D3-BF4B-00C04F79EFBC}") = "TrabalhoALG", "TrabalhoALG\TrabalhoALG.csproj", "{4576ECFB-AD79-443F-934F-C4E740FCE2B6}"
EndProject
Global
	GlobalSection(SolutionConfigurationPlatforms) = preSolution
		Debug|anycpu = Debug|anycpu
		Release|anycpu = Release|anycpu
	EndGlobalSection
	GlobalSection(ProjectConfigurationPlatforms) = postSolution
		{4576ECFB-AD79-443F-934F-C4E740FCE2B6}.Debug|anycpu.ActiveCfg = Debug|anycpu
		{4576ECFB-AD79-443F-934F-C4E740FCE2B6}.Debug|anycpu.Build.0 = Debug|anycpu
		{4576ECFB-AD79-443F-934F-C4E740FCE2B6}.Release|anycpu.ActiveCfg = Release|anycpu
		{4576ECFB-AD79-443F-934F-C4E740FCE2B6}.Release|anycpu.Build.0 = Release|anycpu
	EndGlobalSection
	GlobalSection(SolutionProperties) = preSolution
		HideSolutionNode = FALSE
	EndGlobalSection
	GlobalSection(ExtensibilityGlobals) = postSolution
		SolutionGuid = {5E0CC63E-0647-4B4D-A561-9FE06167E4D6}
	EndGlobalSection
EndGlobal
